
Microsoft Visual Studio Solution File, Format Version 12.00
# Visual Studio Version 17
VisualStudioVersion = 17.3.32901.215
MinimumVisualStudioVersion = 10.0.40219.1
Project("{FAE04EC0-301F-11D3-BF4B-00C04F79EFBC}") = "Пианино", "Пианино\Пианино.csproj", "{B915D1D2-C239-41EA-99AB-69C945155666}"
EndProject
Global
	GlobalSection(SolutionConfigurationPlatforms) = preSolution
		Debug|Any CPU = Debug|Any CPU
		Release|Any CPU = Release|Any CPU
	EndGlobalSection
	GlobalSection(ProjectConfigurationPlatforms) = postSolution
		{B915D1D2-C239-41EA-99AB-69C945155666}.Debug|Any CPU.ActiveCfg = Debug|Any CPU
		{B915D1D2-C239-41EA-99AB-69C945155666}.Debug|Any CPU.Build.0 = Debug|Any CPU
		{B915D1D2-C239-41EA-99AB-69C945155666}.Release|Any CPU.ActiveCfg = Release|Any CPU
		{B915D1D2-C239-41EA-99AB-69C945155666}.Release|Any CPU.Build.0 = Release|Any CPU
	EndGlobalSection
	GlobalSection(SolutionProperties) = preSolution
		HideSolutionNode = FALSE
	EndGlobalSection
	GlobalSection(ExtensibilityGlobals) = postSolution
		SolutionGuid = {3C88A375-7DF2-4A4C-A70E-F85F2C2EC5E5}
	EndGlobalSection
EndGlobal
